
Microsoft Visual Studio Solution File, Format Version 12.00
# Visual Studio 15
VisualStudioVersion = 15.0.33423.255
MinimumVisualStudioVersion = 10.0.40219.1
Project("{FAE04EC0-301F-11D3-BF4B-00C04F79EFBC}") = "Homework1", "Homework1\Homework1.csproj", "{FC6DC831-9950-4933-B133-AAB44AFFE551}"
EndProject
Global
	GlobalSection(SolutionConfigurationPlatforms) = preSolution
		Debug|Any CPU = Debug|Any CPU
		Release|Any CPU = Release|Any CPU
	EndGlobalSection
	GlobalSection(ProjectConfigurationPlatforms) = postSolution
		{FC6DC831-9950-4933-B133-AAB44AFFE551}.Debug|Any CPU.ActiveCfg = Debug|Any CPU
		{FC6DC831-9950-4933-B133-AAB44AFFE551}.Debug|Any CPU.Build.0 = Debug|Any CPU
		{FC6DC831-9950-4933-B133-AAB44AFFE551}.Release|Any CPU.ActiveCfg = Release|Any CPU
		{FC6DC831-9950-4933-B133-AAB44AFFE551}.Release|Any CPU.Build.0 = Release|Any CPU
	EndGlobalSection
	GlobalSection(SolutionProperties) = preSolution
		HideSolutionNode = FALSE
	EndGlobalSection
	GlobalSection(ExtensibilityGlobals) = postSolution
		SolutionGuid = {56E93053-75D2-44E9-9756-2FBC4FB3A703}
	EndGlobalSection
EndGlobal
